# This file is automatically @generated by Cargo.
# It is not intended for manual editing.
[[package]]
name = "libtelnet-rs"
version = "0.3.7"
source = "registry+https://github.com/rust-lang/crates.io-index"
checksum = "0376216280c3cf13ffe420cc59e626a35220f6f02dc929bb5bf152fb86bf80b6"

[[package]]
name = "lintin"
version = "0.1.0"
dependencies = [
 "libtelnet-rs",
]
