# This file is automatically @generated by Cargo.
# It is not intended for manual editing.
[[package]]
name = "libtelnet-rs"
version = "0.3.5"
source = "git+https://github.com/LiquidityC/libtelnet-rs#fa6852fabe8c05ef59a5fccd8cbe3d9b2eff8db8"

[[package]]
name = "lintin"
version = "0.1.0"
dependencies = [
 "libtelnet-rs",
]
